
Microsoft Visual Studio Solution File, Format Version 12.00
# Visual Studio 15
VisualStudioVersion = 15.0.26730.12
MinimumVisualStudioVersion = 10.0.40219.1
Project("{FAE04EC0-301F-11D3-BF4B-00C04F79EFBC}") = "6.2.49", "6.2.49\6.2.49.csproj", "{73393454-3384-4AA0-A6B2-AE33BCFA12C4}"
EndProject
Project("{FAE04EC0-301F-11D3-BF4B-00C04F79EFBC}") = "7.1.18", "7.2.18\7.1.18.csproj", "{6C563565-EA8B-47CC-939B-6C04625465FB}"
EndProject
Project("{FAE04EC0-301F-11D3-BF4B-00C04F79EFBC}") = "7.2.49", "7.2.49\7.2.49.csproj", "{75713D99-D5E1-4DA8-9AAC-D35309D86A7A}"
EndProject
Project("{FAE04EC0-301F-11D3-BF4B-00C04F79EFBC}") = "8.1.18", "8.1.18\8.1.18.csproj", "{DEF53648-B226-4C80-9847-14D8B9F39D78}"
EndProject
Project("{FAE04EC0-301F-11D3-BF4B-00C04F79EFBC}") = "6.1.18", "6.2.18\6.1.18.csproj", "{0E81BD6F-AF04-46DF-BF3D-D6FC5F7AE3DD}"
EndProject
Project("{FAE04EC0-301F-11D3-BF4B-00C04F79EFBC}") = "ProgramLogicUtils", "ProgramLogic\ProgramLogicUtils.csproj", "{2692F8E8-A534-449B-AC49-EF78BCC1F8D9}"
EndProject
Project("{FAE04EC0-301F-11D3-BF4B-00C04F79EFBC}") = "ConsoleUtils", "ConsoleUtils\ConsoleUtils.csproj", "{64D923FB-B8B4-4DB6-9367-C3E7112FC1F2}"
EndProject
Project("{FAE04EC0-301F-11D3-BF4B-00C04F79EFBC}") = "FormsUtils", "FormsUtils\FormsUtils.csproj", "{CAAE9CDA-4971-499A-B00E-F14788A7FB4B}"
EndProject
Global
	GlobalSection(SolutionConfigurationPlatforms) = preSolution
		Debug|Any CPU = Debug|Any CPU
		Release|Any CPU = Release|Any CPU
	EndGlobalSection
	GlobalSection(ProjectConfigurationPlatforms) = postSolution
		{73393454-3384-4AA0-A6B2-AE33BCFA12C4}.Debug|Any CPU.ActiveCfg = Debug|Any CPU
		{73393454-3384-4AA0-A6B2-AE33BCFA12C4}.Debug|Any CPU.Build.0 = Debug|Any CPU
		{73393454-3384-4AA0-A6B2-AE33BCFA12C4}.Release|Any CPU.ActiveCfg = Release|Any CPU
		{73393454-3384-4AA0-A6B2-AE33BCFA12C4}.Release|Any CPU.Build.0 = Release|Any CPU
		{6C563565-EA8B-47CC-939B-6C04625465FB}.Debug|Any CPU.ActiveCfg = Debug|Any CPU
		{6C563565-EA8B-47CC-939B-6C04625465FB}.Debug|Any CPU.Build.0 = Debug|Any CPU
		{6C563565-EA8B-47CC-939B-6C04625465FB}.Release|Any CPU.ActiveCfg = Release|Any CPU
		{6C563565-EA8B-47CC-939B-6C04625465FB}.Release|Any CPU.Build.0 = Release|Any CPU
		{75713D99-D5E1-4DA8-9AAC-D35309D86A7A}.Debug|Any CPU.ActiveCfg = Debug|Any CPU
		{75713D99-D5E1-4DA8-9AAC-D35309D86A7A}.Debug|Any CPU.Build.0 = Debug|Any CPU
		{75713D99-D5E1-4DA8-9AAC-D35309D86A7A}.Release|Any CPU.ActiveCfg = Release|Any CPU
		{75713D99-D5E1-4DA8-9AAC-D35309D86A7A}.Release|Any CPU.Build.0 = Release|Any CPU
		{DEF53648-B226-4C80-9847-14D8B9F39D78}.Debug|Any CPU.ActiveCfg = Debug|Any CPU
		{DEF53648-B226-4C80-9847-14D8B9F39D78}.Debug|Any CPU.Build.0 = Debug|Any CPU
		{DEF53648-B226-4C80-9847-14D8B9F39D78}.Release|Any CPU.ActiveCfg = Release|Any CPU
		{DEF53648-B226-4C80-9847-14D8B9F39D78}.Release|Any CPU.Build.0 = Release|Any CPU
		{0E81BD6F-AF04-46DF-BF3D-D6FC5F7AE3DD}.Debug|Any CPU.ActiveCfg = Debug|Any CPU
		{0E81BD6F-AF04-46DF-BF3D-D6FC5F7AE3DD}.Debug|Any CPU.Build.0 = Debug|Any CPU
		{0E81BD6F-AF04-46DF-BF3D-D6FC5F7AE3DD}.Release|Any CPU.ActiveCfg = Release|Any CPU
		{0E81BD6F-AF04-46DF-BF3D-D6FC5F7AE3DD}.Release|Any CPU.Build.0 = Release|Any CPU
		{2692F8E8-A534-449B-AC49-EF78BCC1F8D9}.Debug|Any CPU.ActiveCfg = Debug|Any CPU
		{2692F8E8-A534-449B-AC49-EF78BCC1F8D9}.Debug|Any CPU.Build.0 = Debug|Any CPU
		{2692F8E8-A534-449B-AC49-EF78BCC1F8D9}.Release|Any CPU.ActiveCfg = Release|Any CPU
		{2692F8E8-A534-449B-AC49-EF78BCC1F8D9}.Release|Any CPU.Build.0 = Release|Any CPU
		{64D923FB-B8B4-4DB6-9367-C3E7112FC1F2}.Debug|Any CPU.ActiveCfg = Debug|Any CPU
		{64D923FB-B8B4-4DB6-9367-C3E7112FC1F2}.Debug|Any CPU.Build.0 = Debug|Any CPU
		{64D923FB-B8B4-4DB6-9367-C3E7112FC1F2}.Release|Any CPU.ActiveCfg = Release|Any CPU
		{64D923FB-B8B4-4DB6-9367-C3E7112FC1F2}.Release|Any CPU.Build.0 = Release|Any CPU
		{CAAE9CDA-4971-499A-B00E-F14788A7FB4B}.Debug|Any CPU.ActiveCfg = Debug|Any CPU
		{CAAE9CDA-4971-499A-B00E-F14788A7FB4B}.Debug|Any CPU.Build.0 = Debug|Any CPU
		{CAAE9CDA-4971-499A-B00E-F14788A7FB4B}.Release|Any CPU.ActiveCfg = Release|Any CPU
		{CAAE9CDA-4971-499A-B00E-F14788A7FB4B}.Release|Any CPU.Build.0 = Release|Any CPU
	EndGlobalSection
	GlobalSection(SolutionProperties) = preSolution
		HideSolutionNode = FALSE
	EndGlobalSection
	GlobalSection(ExtensibilityGlobals) = postSolution
		SolutionGuid = {47259014-489D-4F4E-82E9-E3BD2AF7FE73}
	EndGlobalSection
EndGlobal
